
Microsoft Visual Studio Solution File, Format Version 12.00
# Visual Studio Version 17
VisualStudioVersion = 17.7.34202.233
MinimumVisualStudioVersion = 10.0.40219.1
Project("{D2ABAB84-BF74-430A-B69E-9DC6D40DDA17}") = "TP3_SI2", "TP3_SI2\TP3_SI2.dwproj", "{5EF64E28-B6C0-4DBE-A342-58EA06EC3CF4}"
EndProject
Global
	GlobalSection(SolutionConfigurationPlatforms) = preSolution
		Development|Default = Development|Default
	EndGlobalSection
	GlobalSection(ProjectConfigurationPlatforms) = postSolution
		{5EF64E28-B6C0-4DBE-A342-58EA06EC3CF4}.Development|Default.ActiveCfg = Development
		{5EF64E28-B6C0-4DBE-A342-58EA06EC3CF4}.Development|Default.Build.0 = Development
		{5EF64E28-B6C0-4DBE-A342-58EA06EC3CF4}.Development|Default.Deploy.0 = Development
	EndGlobalSection
	GlobalSection(SolutionProperties) = preSolution
		HideSolutionNode = FALSE
	EndGlobalSection
	GlobalSection(ExtensibilityGlobals) = postSolution
		SolutionGuid = {B3F874EF-7F6C-4D1D-8A1F-5BB9CE63DFED}
	EndGlobalSection
EndGlobal
